
Microsoft Visual Studio Solution File, Format Version 12.00
# Visual Studio 2013
VisualStudioVersion = 12.0.21005.1
MinimumVisualStudioVersion = 10.0.40219.1
Project("{FAE04EC0-301F-11D3-BF4B-00C04F79EFBC}") = "RealDLL", "RealDLL\RealDLL.csproj", "{B1EA264E-C60A-4E58-AF77-CC7C20C0678E}"
EndProject
Project("{FAE04EC0-301F-11D3-BF4B-00C04F79EFBC}") = "EditorDLL", "EditorDLL\EditorDLL.csproj", "{97A377FA-5E62-4995-814B-F32EB417434A}"
EndProject
Global
	GlobalSection(SolutionConfigurationPlatforms) = preSolution
		Debug|Any CPU = Debug|Any CPU
		Debug|ARM = Debug|ARM
		Debug|x86 = Debug|x86
		Release|Any CPU = Release|Any CPU
		Release|ARM = Release|ARM
		Release|x86 = Release|x86
	EndGlobalSection
	GlobalSection(ProjectConfigurationPlatforms) = postSolution
		{B1EA264E-C60A-4E58-AF77-CC7C20C0678E}.Debug|Any CPU.ActiveCfg = Debug|Any CPU
		{B1EA264E-C60A-4E58-AF77-CC7C20C0678E}.Debug|Any CPU.Build.0 = Debug|Any CPU
		{B1EA264E-C60A-4E58-AF77-CC7C20C0678E}.Debug|ARM.ActiveCfg = Debug|ARM
		{B1EA264E-C60A-4E58-AF77-CC7C20C0678E}.Debug|ARM.Build.0 = Debug|ARM
		{B1EA264E-C60A-4E58-AF77-CC7C20C0678E}.Debug|x86.ActiveCfg = Debug|x86
		{B1EA264E-C60A-4E58-AF77-CC7C20C0678E}.Debug|x86.Build.0 = Debug|x86
		{B1EA264E-C60A-4E58-AF77-CC7C20C0678E}.Release|Any CPU.ActiveCfg = Release|Any CPU
		{B1EA264E-C60A-4E58-AF77-CC7C20C0678E}.Release|Any CPU.Build.0 = Release|Any CPU
		{B1EA264E-C60A-4E58-AF77-CC7C20C0678E}.Release|ARM.ActiveCfg = Release|ARM
		{B1EA264E-C60A-4E58-AF77-CC7C20C0678E}.Release|ARM.Build.0 = Release|ARM
		{B1EA264E-C60A-4E58-AF77-CC7C20C0678E}.Release|x86.ActiveCfg = Release|x86
		{B1EA264E-C60A-4E58-AF77-CC7C20C0678E}.Release|x86.Build.0 = Release|x86
		{97A377FA-5E62-4995-814B-F32EB417434A}.Debug|Any CPU.ActiveCfg = Debug|Any CPU
		{97A377FA-5E62-4995-814B-F32EB417434A}.Debug|Any CPU.Build.0 = Debug|Any CPU
		{97A377FA-5E62-4995-814B-F32EB417434A}.Debug|ARM.ActiveCfg = Debug|Any CPU
		{97A377FA-5E62-4995-814B-F32EB417434A}.Debug|x86.ActiveCfg = Debug|Any CPU
		{97A377FA-5E62-4995-814B-F32EB417434A}.Release|Any CPU.ActiveCfg = Release|Any CPU
		{97A377FA-5E62-4995-814B-F32EB417434A}.Release|Any CPU.Build.0 = Release|Any CPU
		{97A377FA-5E62-4995-814B-F32EB417434A}.Release|ARM.ActiveCfg = Release|Any CPU
		{97A377FA-5E62-4995-814B-F32EB417434A}.Release|x86.ActiveCfg = Release|Any CPU
	EndGlobalSection
	GlobalSection(SolutionProperties) = preSolution
		HideSolutionNode = FALSE
	EndGlobalSection
EndGlobal
